<?xml version="1.0" encoding="utf-8"?>
<Project ToolsVersion="4.0" xmlns="http://schemas.microsoft.com/developer/msbuild/2003">
  <ItemGroup>
    <Filter Include="Source Files">
      <UniqueIdentifier>{4FC737F1-C7A5-4376-A066-2A32D752A2FF}</UniqueIdentifier>
      <Extensions>cpp;c;cc;cxx;def;odl;idl;hpj;bat;asm;asmx</Extensions>
    </Filter>
    <Filter Include="Header Files">
      <UniqueIdentifier>{93995380-89BD-4b04-88EB-625FBE52EBFB}</UniqueIdentifier>
      <Extensions>h;hh;hpp;hxx;hm;inl;inc;xsd</Extensions>
    </Filter>
    <Filter Include="Resource Files">
      <UniqueIdentifier>{67DA6AB6-F800-4c08-8B7A-83BB121AAD01}</UniqueIdentifier>
      <Extensions>rc;ico;cur;bmp;dlg;rc2;rct;bin;rgs;gif;jpg;jpeg;jpe;resx;tiff;tif;png;wav;mfcribbon-ms</Extensions>
    </Filter>
    <Filter Include="Header Files\Scenes">
      <UniqueIdentifier>{0cd334d2-1480-4cb0-a9bc-12c72ecba67d}</UniqueIdentifier>
    </Filter>
    <Filter Include="Source Files\Scenes">
      <UniqueIdentifier>{73b2c5a7-1f99-4ef9-b5b2-b42caca10cf7}</UniqueIdentifier>
    </Filter>
    <Filter Include="Header Files\Scenes\SplashScene">
      <UniqueIdentifier>{552eb076-f7b0-4d3b-aa3c-2f150439ba0d}</UniqueIdentifier>
    </Filter>
    <Filter Include="Header Files\Scenes\MainMenuScene">
      <UniqueIdentifier>{b5c881ee-e6b6-47cc-9cc3-d81fb51ec0da}</UniqueIdentifier>
    </Filter>
    <Filter Include="Header Files\Scenes\OptionsScene">
      <UniqueIdentifier>{44e42c74-eb1f-4249-a3f9-9ca1b17de8c9}</UniqueIdentifier>
    </Filter>
    <Filter Include="Source Files\Scenes\MainMenuScene">
      <UniqueIdentifier>{7a099421-2877-4565-8bfe-51ed94b7d75d}</UniqueIdentifier>
    </Filter>
    <Filter Include="Source Files\Scenes\TitleScene">
      <UniqueIdentifier>{ae6aae03-95ac-43a3-b2ca-deae18e96c06}</UniqueIdentifier>
    </Filter>
    <Filter Include="Source Files\Scenes\SplashScene">
      <UniqueIdentifier>{ba6457e6-a168-4f59-8653-a4bf5163e4d0}</UniqueIdentifier>
    </Filter>
    <Filter Include="Source Files\Scenes\OptionsScene">
      <UniqueIdentifier>{368b6735-6ed0-462b-aa50-e4ea374fc3e3}</UniqueIdentifier>
    </Filter>
    <Filter Include="Header Files\Scenes\TitleScene">
      <UniqueIdentifier>{04fd44eb-3820-4718-8ecd-0b2738ff7223}</UniqueIdentifier>
    </Filter>
    <Filter Include="Header Files\gui">
      <UniqueIdentifier>{7d4383e2-e804-4722-85f5-d0343ae71884}</UniqueIdentifier>
    </Filter>
    <Filter Include="Header Files\gui\widgets">
      <UniqueIdentifier>{2ccebe0a-8ca7-4537-8e54-8621a34cd06d}</UniqueIdentifier>
    </Filter>
    <Filter Include="Source Files\gui">
      <UniqueIdentifier>{42813bda-f108-48d4-bbc8-221cbab86f12}</UniqueIdentifier>
    </Filter>
    <Filter Include="Source Files\gui\widgets">
      <UniqueIdentifier>{d93bbf41-ddb0-4388-8f18-714710fe9a25}</UniqueIdentifier>
    </Filter>
    <Filter Include="Source Files\input">
      <UniqueIdentifier>{5ba4fac5-2e82-440d-8e29-2eb4eb92f6ec}</UniqueIdentifier>
    </Filter>
    <Filter Include="Header Files\input">
      <UniqueIdentifier>{805d8cbb-119e-49d8-9ed8-9b2678289ca7}</UniqueIdentifier>
    </Filter>
    <Filter Include="Source Files\Scenes\GameScene">
      <UniqueIdentifier>{e2721c91-6441-4fe1-973d-7e387d8cfca8}</UniqueIdentifier>
    </Filter>
    <Filter Include="Header Files\Scenes\GameScene">
      <UniqueIdentifier>{9b774f0b-53e5-4927-bf81-dcf9319de2a8}</UniqueIdentifier>
    </Filter>
    <Filter Include="Source Files\tinyh">
      <UniqueIdentifier>{ea896656-eecd-42b2-9a7d-6a52cf984c30}</UniqueIdentifier>
    </Filter>
  </ItemGroup>
  <ItemGroup>
    <ClCompile Include="src\main.cpp">
      <Filter>Source Files</Filter>
    </ClCompile>
    <ClCompile Include="src\Application.cpp">
      <Filter>Source Files</Filter>
    </ClCompile>
    <ClCompile Include="src\Window.cpp">
      <Filter>Source Files</Filter>
    </ClCompile>
    <ClCompile Include="src\SceneManager.cpp">
      <Filter>Source Files</Filter>
    </ClCompile>
    <ClCompile Include="src\Scene.cpp">
      <Filter>Source Files</Filter>
    </ClCompile>
    <ClCompile Include="src\gui\GUI.cpp">
      <Filter>Source Files\gui</Filter>
    </ClCompile>
    <ClCompile Include="src\gui\widgets\Button.cpp">
      <Filter>Source Files\gui\widgets</Filter>
    </ClCompile>
    <ClCompile Include="src\gui\widgets\CheckBox.cpp">
      <Filter>Source Files\gui\widgets</Filter>
    </ClCompile>
    <ClCompile Include="src\gui\widgets\Label.cpp">
      <Filter>Source Files\gui\widgets</Filter>
    </ClCompile>
    <ClCompile Include="src\gui\widgets\Slider.cpp">
      <Filter>Source Files\gui\widgets</Filter>
    </ClCompile>
    <ClCompile Include="src\gui\widgets\Widget.cpp">
      <Filter>Source Files\gui\widgets</Filter>
    </ClCompile>
    <ClCompile Include="src\input\KeyHandler.cpp">
      <Filter>Source Files\input</Filter>
    </ClCompile>
    <ClCompile Include="src\Scenes\MainMenuScene\MainMenuScene.cpp">
      <Filter>Source Files\Scenes\MainMenuScene</Filter>
    </ClCompile>
    <ClCompile Include="src\input\Controller.cpp">
      <Filter>Source Files\input</Filter>
    </ClCompile>
    <ClCompile Include="src\App.cpp">
      <Filter>Source Files</Filter>
    </ClCompile>
    <ClCompile Include="src\Scenes\GameScene\BulletManager.cpp">
      <Filter>Source Files\Scenes\GameScene</Filter>
    </ClCompile>
    <ClCompile Include="src\Scenes\GameScene\Bullet.cpp">
      <Filter>Source Files\Scenes\GameScene</Filter>
    </ClCompile>
    <ClCompile Include="src\Scenes\GameScene\BulletStandard.cpp">
      <Filter>Source Files\Scenes\GameScene</Filter>
    </ClCompile>
    <ClCompile Include="src\Scenes\GameScene\GameScene.cpp">
      <Filter>Source Files\Scenes\GameScene</Filter>
    </ClCompile>
    <ClCompile Include="src\Scenes\GameScene\Player.cpp">
      <Filter>Source Files\Scenes\GameScene</Filter>
    </ClCompile>
    <ClCompile Include="src\Scenes\GameScene\Ship.cpp">
      <Filter>Source Files\Scenes\GameScene</Filter>
    </ClCompile>
    <ClCompile Include="src\Scenes\GameScene\Weapon.cpp">
      <Filter>Source Files\Scenes\GameScene</Filter>
    </ClCompile>
    <ClCompile Include="src\tinyheaders\tinyc2.cpp">
      <Filter>Source Files\tinyh</Filter>
    </ClCompile>
  </ItemGroup>
  <ItemGroup>
    <None Include="..\README.md">
      <Filter>Resource Files</Filter>
    </None>
  </ItemGroup>
  <ItemGroup>
    <ClInclude Include="include\Application.h">
      <Filter>Header Files</Filter>
    </ClInclude>
    <ClInclude Include="include\Window.h">
      <Filter>Header Files</Filter>
    </ClInclude>
    <ClInclude Include="include\SceneManager.h">
      <Filter>Header Files</Filter>
    </ClInclude>
    <ClInclude Include="include\Scene.h">
      <Filter>Header Files</Filter>
    </ClInclude>
    <ClInclude Include="include\Scenes\MainMenuScene\MainMenuScene.h">
      <Filter>Header Files\Scenes\MainMenuScene</Filter>
    </ClInclude>
    <ClInclude Include="include\gui\GUI.h">
      <Filter>Header Files\gui</Filter>
    </ClInclude>
    <ClInclude Include="include\gui\widgets\Button.h">
      <Filter>Header Files\gui\widgets</Filter>
    </ClInclude>
    <ClInclude Include="include\gui\widgets\CheckBox.h">
      <Filter>Header Files\gui\widgets</Filter>
    </ClInclude>
    <ClInclude Include="include\gui\widgets\Label.h">
      <Filter>Header Files\gui\widgets</Filter>
    </ClInclude>
    <ClInclude Include="include\gui\widgets\Slider.h">
      <Filter>Header Files\gui\widgets</Filter>
    </ClInclude>
    <ClInclude Include="include\gui\widgets\Widget.h">
      <Filter>Header Files\gui\widgets</Filter>
    </ClInclude>
    <ClInclude Include="include\input\KeyHandler.h">
      <Filter>Header Files\input</Filter>
    </ClInclude>
    <ClInclude Include="include\input\Controller.h">
      <Filter>Header Files\input</Filter>
    </ClInclude>
    <ClInclude Include="include\App.h">
      <Filter>Header Files</Filter>
    </ClInclude>
    <ClInclude Include="include\Scenes\GameScene\Bullet.h">
      <Filter>Header Files\Scenes\GameScene</Filter>
    </ClInclude>
    <ClInclude Include="include\Scenes\GameScene\BulletManager.h">
      <Filter>Header Files\Scenes\GameScene</Filter>
    </ClInclude>
    <ClInclude Include="include\Scenes\GameScene\BulletStandard.h">
      <Filter>Header Files\Scenes\GameScene</Filter>
    </ClInclude>
    <ClInclude Include="include\Scenes\GameScene\GameScene.h">
      <Filter>Header Files\Scenes\GameScene</Filter>
    </ClInclude>
    <ClInclude Include="include\Scenes\GameScene\Player.h">
      <Filter>Header Files\Scenes\GameScene</Filter>
    </ClInclude>
    <ClInclude Include="include\Scenes\GameScene\Ship.h">
      <Filter>Header Files\Scenes\GameScene</Filter>
    </ClInclude>
    <ClInclude Include="include\Scenes\GameScene\Weapon.h">
      <Filter>Header Files\Scenes\GameScene</Filter>
    </ClInclude>
    <ClInclude Include="include\Scenes\GameScene\BulletTypes.h">
      <Filter>Header Files\Scenes\GameScene</Filter>
    </ClInclude>
  </ItemGroup>
</Project>