<?xml version="1.0" encoding="utf-8"?>
<Project ToolsVersion="4.0" xmlns="http://schemas.microsoft.com/developer/msbuild/2003">
  <ItemGroup>
    <Filter Include="Source Files">
      <UniqueIdentifier>{4FC737F1-C7A5-4376-A066-2A32D752A2FF}</UniqueIdentifier>
      <Extensions>cpp;c;cc;cxx;def;odl;idl;hpj;bat;asm;asmx</Extensions>
    </Filter>
    <Filter Include="Header Files">
      <UniqueIdentifier>{93995380-89BD-4b04-88EB-625FBE52EBFB}</UniqueIdentifier>
      <Extensions>h;hh;hpp;hxx;hm;inl;inc;xsd</Extensions>
    </Filter>
    <Filter Include="Resource Files">
      <UniqueIdentifier>{67DA6AB6-F800-4c08-8B7A-83BB121AAD01}</UniqueIdentifier>
      <Extensions>rc;ico;cur;bmp;dlg;rc2;rct;bin;rgs;gif;jpg;jpeg;jpe;resx;tiff;tif;png;wav;mfcribbon-ms</Extensions>
    </Filter>
    <Filter Include="Header Files\Scenes">
      <UniqueIdentifier>{0cd334d2-1480-4cb0-a9bc-12c72ecba67d}</UniqueIdentifier>
    </Filter>
    <Filter Include="Source Files\Scenes">
      <UniqueIdentifier>{73b2c5a7-1f99-4ef9-b5b2-b42caca10cf7}</UniqueIdentifier>
    </Filter>
    <Filter Include="Source Files\Scenes\GameScene">
      <UniqueIdentifier>{40ee4239-5eaa-4b1f-b4f2-56103029852d}</UniqueIdentifier>
    </Filter>
    <Filter Include="Header Files\Scenes\GameScene">
      <UniqueIdentifier>{e1fcb47e-2cf4-41c1-bd9e-6ad2fd1b7ad5}</UniqueIdentifier>
    </Filter>
  </ItemGroup>
  <ItemGroup>
    <ClCompile Include="src\main.cpp">
      <Filter>Source Files</Filter>
    </ClCompile>
    <ClCompile Include="src\Application.cpp">
      <Filter>Source Files</Filter>
    </ClCompile>
    <ClCompile Include="src\Window.cpp">
      <Filter>Source Files</Filter>
    </ClCompile>
    <ClCompile Include="src\KeyHandler.cpp">
      <Filter>Source Files</Filter>
    </ClCompile>
    <ClCompile Include="src\SceneManager.cpp">
      <Filter>Source Files</Filter>
    </ClCompile>
    <ClCompile Include="src\Scene.cpp">
      <Filter>Source Files</Filter>
    </ClCompile>
    <ClCompile Include="src\Scenes\GameScene\GameScene.cpp">
      <Filter>Source Files\Scenes\GameScene</Filter>
    </ClCompile>
    <ClCompile Include="src\Scenes\GameScene\Player.cpp">
      <Filter>Source Files\Scenes\GameScene</Filter>
    </ClCompile>
    <ClCompile Include="src\Scenes\GameScene\Weapon.cpp">
      <Filter>Source Files\Scenes\GameScene</Filter>
    </ClCompile>
    <ClCompile Include="src\Scenes\GameScene\Ship.cpp">
      <Filter>Source Files\Scenes\GameScene</Filter>
    </ClCompile>
    <ClCompile Include="src\Scenes\GameScene\Bullet.cpp">
      <Filter>Source Files\Scenes\GameScene</Filter>
    </ClCompile>
    <ClCompile Include="src\Scenes\GameScene\BulletManager.cpp">
      <Filter>Source Files\Scenes\GameScene</Filter>
    </ClCompile>
    <ClCompile Include="src\Scenes\GameScene\BulletStandard.cpp">
      <Filter>Source Files\Scenes\GameScene</Filter>
    </ClCompile>
  </ItemGroup>
  <ItemGroup>
    <None Include="..\README.md">
      <Filter>Resource Files</Filter>
    </None>
  </ItemGroup>
  <ItemGroup>
    <ClInclude Include="include\Application.h">
      <Filter>Header Files</Filter>
    </ClInclude>
    <ClInclude Include="include\Window.h">
      <Filter>Header Files</Filter>
    </ClInclude>
    <ClInclude Include="include\KeyHandler.h">
      <Filter>Header Files</Filter>
    </ClInclude>
    <ClInclude Include="include\SceneManager.h">
      <Filter>Header Files</Filter>
    </ClInclude>
    <ClInclude Include="include\Scene.h">
      <Filter>Header Files</Filter>
    </ClInclude>
    <ClInclude Include="include\Scenes\GameScene\GameScene.h">
      <Filter>Header Files\Scenes\GameScene</Filter>
    </ClInclude>
    <ClInclude Include="include\Scenes\GameScene\Player.h">
      <Filter>Header Files\Scenes\GameScene</Filter>
    </ClInclude>
    <ClInclude Include="include\Scenes\GameScene\Weapon.h">
      <Filter>Header Files\Scenes\GameScene</Filter>
    </ClInclude>
    <ClInclude Include="include\Scenes\GameScene\Ship.h">
      <Filter>Header Files\Scenes\GameScene</Filter>
    </ClInclude>
    <ClInclude Include="include\Scenes\GameScene\Bullet.h">
      <Filter>Header Files\Scenes\GameScene</Filter>
    </ClInclude>
    <ClInclude Include="include\Scenes\GameScene\BulletManager.h">
      <Filter>Header Files\Scenes\GameScene</Filter>
    </ClInclude>
    <ClInclude Include="include\Scenes\GameScene\BulletStandard.h">
      <Filter>Header Files\Scenes\GameScene</Filter>
    </ClInclude>
  </ItemGroup>
</Project>